
Microsoft Visual Studio Solution File, Format Version 12.00
# Visual Studio Version 16
VisualStudioVersion = 16.0.32228.343
MinimumVisualStudioVersion = 10.0.40219.1
Project("{9A19103F-16F7-4668-BE54-9A1E7A4F7556}") = "DacFifoDemo", "DacFifoDemo.csproj", "{79F13D17-BB1A-4E6C-9F91-5BEF2A22EA37}"
EndProject
Global
	GlobalSection(SolutionConfigurationPlatforms) = preSolution
		Debug|x64 = Debug|x64
		Release|x64 = Release|x64
	EndGlobalSection
	GlobalSection(ProjectConfigurationPlatforms) = postSolution
		{79F13D17-BB1A-4E6C-9F91-5BEF2A22EA37}.Debug|x64.ActiveCfg = Debug|x64
		{79F13D17-BB1A-4E6C-9F91-5BEF2A22EA37}.Debug|x64.Build.0 = Debug|x64
		{79F13D17-BB1A-4E6C-9F91-5BEF2A22EA37}.Release|x64.ActiveCfg = Release|x64
		{79F13D17-BB1A-4E6C-9F91-5BEF2A22EA37}.Release|x64.Build.0 = Release|x64
	EndGlobalSection
	GlobalSection(SolutionProperties) = preSolution
		HideSolutionNode = FALSE
	EndGlobalSection
	GlobalSection(ExtensibilityGlobals) = postSolution
		SolutionGuid = {75D68FD8-5EC3-417B-A06E-9041EC05E8CB}
	EndGlobalSection
EndGlobal
